# This file is automatically @generated by Cargo.
# It is not intended for manual editing.
version = 4

[[package]]
name = "arbnum"
version = "0.1.0"

[[package]]
name = "arbpricing"
version = "0.1.0"
dependencies = [
 "arbnum",
]

[[package]]
name = "arbreport"
version = "0.1.0"
dependencies = [
 "arbnum",
 "arbpricing",
]

[[package]]
name = "arbwasm"
version = "0.1.0"
dependencies = [
 "arbnum",
 "arbpricing",
]
